// !$*UTF8*$!
{
	archiveVersion = 1;
	classes = {
	};
	objectVersion = 77;
	objects = {

/* Begin PBXBuildFile section */
		5B10FF962EC838DE0021597F /* SwiftSoup in Frameworks */ = {isa = PBXBuildFile; productRef = 5B10FF952EC838DE0021597F /* SwiftSoup */; };
		5B10FF982EC838E50021597F /* SwiftSoup in Frameworks */ = {isa = PBXBuildFile; productRef = 5B10FF972EC838E50021597F /* SwiftSoup */; };
		5B10FF9A2EC83C880021597F /* DailyMessages.swift in Sources */ = {isa = PBXBuildFile; fileRef = 5B10FF992EC83C820021597F /* DailyMessages.swift */; };
		5B10FF9B2EC83C880021597F /* DailyMessages.swift in Sources */ = {isa = PBXBuildFile; fileRef = 5B10FF992EC83C820021597F /* DailyMessages.swift */; };
		5B10FF9D2EC83CA80021597F /* LibraryHours.swift in Sources */ = {isa = PBXBuildFile; fileRef = 5B10FF9C2EC83CA50021597F /* LibraryHours.swift */; };
		5B10FF9E2EC83CA80021597F /* LibraryHours.swift in Sources */ = {isa = PBXBuildFile; fileRef = 5B10FF9C2EC83CA50021597F /* LibraryHours.swift */; };
		5B4B3EF32EC10C9200277399 /* HomeView.swift in Sources */ = {isa = PBXBuildFile; fileRef = 5B4B3EF22EC10C9000277399 /* HomeView.swift */; };
		5B4B3EFA2EC1271200277399 /* Settings.swift in Sources */ = {isa = PBXBuildFile; fileRef = 5B4B3EF92EC1261500277399 /* Settings.swift */; };
		5B4B3EFB2EC1271200277399 /* Settings.swift in Sources */ = {isa = PBXBuildFile; fileRef = 5B4B3EF92EC1261500277399 /* Settings.swift */; };
		5B4B3EFD2EC1291C00277399 /* ContentViewModel.swift in Sources */ = {isa = PBXBuildFile; fileRef = 5B4B3EFC2EC1291700277399 /* ContentViewModel.swift */; };
		5B71D5F82EC802790051ABF5 /* ArgumentParser in Frameworks */ = {isa = PBXBuildFile; productRef = 5B71D5F72EC802790051ABF5 /* ArgumentParser */; };
		5B7B6B042EC81BB400CF7C4D /* WSOMobileCLI.swift in Sources */ = {isa = PBXBuildFile; fileRef = 5B7B6B032EC81BAC00CF7C4D /* WSOMobileCLI.swift */; };
		5BB76F9C2EC0ED9900A242A1 /* WSOMobileApp.swift in Sources */ = {isa = PBXBuildFile; fileRef = 5BB76F9B2EC0ED9900A242A1 /* WSOMobileApp.swift */; };
		5BB76F9E2EC0F1F800A242A1 /* NewsView.swift in Sources */ = {isa = PBXBuildFile; fileRef = 5BB76F9D2EC0F1F300A242A1 /* NewsView.swift */; };
		5BB76FA02EC0F20200A242A1 /* DiningView.swift in Sources */ = {isa = PBXBuildFile; fileRef = 5BB76F9F2EC0F1FB00A242A1 /* DiningView.swift */; };
		5BB76FA22EC0F65600A242A1 /* ProfileView.swift in Sources */ = {isa = PBXBuildFile; fileRef = 5BB76FA12EC0F64D00A242A1 /* ProfileView.swift */; };
		5BEB32552EBFD7F300F75A10 /* ContentView.swift in Sources */ = {isa = PBXBuildFile; fileRef = 5BEB32542EBFD7F300F75A10 /* ContentView.swift */; };
		5BEB32572EBFD7F400F75A10 /* Assets.xcassets in Resources */ = {isa = PBXBuildFile; fileRef = 5BEB32562EBFD7F400F75A10 /* Assets.xcassets */; };
/* End PBXBuildFile section */

/* Begin PBXContainerItemProxy section */
		5BEB325D2EBFD7F400F75A10 /* PBXContainerItemProxy */ = {
			isa = PBXContainerItemProxy;
			containerPortal = 5BEB32472EBFD7F300F75A10 /* Project object */;
			proxyType = 1;
			remoteGlobalIDString = 5BEB324E2EBFD7F300F75A10;
			remoteInfo = "WSO Mobile";
		};
		5BEB32672EBFD7F400F75A10 /* PBXContainerItemProxy */ = {
			isa = PBXContainerItemProxy;
			containerPortal = 5BEB32472EBFD7F300F75A10 /* Project object */;
			proxyType = 1;
			remoteGlobalIDString = 5BEB324E2EBFD7F300F75A10;
			remoteInfo = "WSO Mobile";
		};
/* End PBXContainerItemProxy section */

/* Begin PBXCopyFilesBuildPhase section */
		5BEB327B2EBFD83200F75A10 /* CopyFiles */ = {
			isa = PBXCopyFilesBuildPhase;
			buildActionMask = 2147483647;
			dstPath = /usr/share/man/man1/;
			dstSubfolderSpec = 0;
			files = (
			);
			runOnlyForDeploymentPostprocessing = 1;
		};
/* End PBXCopyFilesBuildPhase section */

/* Begin PBXFileReference section */
		5B10FF992EC83C820021597F /* DailyMessages.swift */ = {isa = PBXFileReference; lastKnownFileType = sourcecode.swift; path = DailyMessages.swift; sourceTree = "<group>"; };
		5B10FF9C2EC83CA50021597F /* LibraryHours.swift */ = {isa = PBXFileReference; lastKnownFileType = sourcecode.swift; path = LibraryHours.swift; sourceTree = "<group>"; };
		5B4B3EF22EC10C9000277399 /* HomeView.swift */ = {isa = PBXFileReference; lastKnownFileType = sourcecode.swift; path = HomeView.swift; sourceTree = "<group>"; };
		5B4B3EF92EC1261500277399 /* Settings.swift */ = {isa = PBXFileReference; lastKnownFileType = sourcecode.swift; path = Settings.swift; sourceTree = "<group>"; };
		5B4B3EFC2EC1291700277399 /* ContentViewModel.swift */ = {isa = PBXFileReference; lastKnownFileType = sourcecode.swift; path = ContentViewModel.swift; sourceTree = "<group>"; };
		5B7B6B032EC81BAC00CF7C4D /* WSOMobileCLI.swift */ = {isa = PBXFileReference; lastKnownFileType = sourcecode.swift; path = WSOMobileCLI.swift; sourceTree = "<group>"; };
		5BB76F952EC0ED7500A242A1 /* WSOMobileTests.swift */ = {isa = PBXFileReference; lastKnownFileType = sourcecode.swift; path = WSOMobileTests.swift; sourceTree = "<group>"; };
		5BB76F972EC0ED7500A242A1 /* WSOMobileUITests.swift */ = {isa = PBXFileReference; lastKnownFileType = sourcecode.swift; path = WSOMobileUITests.swift; sourceTree = "<group>"; };
		5BB76F982EC0ED7500A242A1 /* WSOMobileUITestsLaunchTests.swift */ = {isa = PBXFileReference; lastKnownFileType = sourcecode.swift; path = WSOMobileUITestsLaunchTests.swift; sourceTree = "<group>"; };
		5BB76F9B2EC0ED9900A242A1 /* WSOMobileApp.swift */ = {isa = PBXFileReference; lastKnownFileType = sourcecode.swift; path = WSOMobileApp.swift; sourceTree = "<group>"; };
		5BB76F9D2EC0F1F300A242A1 /* NewsView.swift */ = {isa = PBXFileReference; lastKnownFileType = sourcecode.swift; path = NewsView.swift; sourceTree = "<group>"; };
		5BB76F9F2EC0F1FB00A242A1 /* DiningView.swift */ = {isa = PBXFileReference; lastKnownFileType = sourcecode.swift; path = DiningView.swift; sourceTree = "<group>"; };
		5BB76FA12EC0F64D00A242A1 /* ProfileView.swift */ = {isa = PBXFileReference; lastKnownFileType = sourcecode.swift; path = ProfileView.swift; sourceTree = "<group>"; };
		5BEB324F2EBFD7F300F75A10 /* WSOMobile.app */ = {isa = PBXFileReference; explicitFileType = wrapper.application; includeInIndex = 0; path = WSOMobile.app; sourceTree = BUILT_PRODUCTS_DIR; };
		5BEB32542EBFD7F300F75A10 /* ContentView.swift */ = {isa = PBXFileReference; lastKnownFileType = sourcecode.swift; path = ContentView.swift; sourceTree = "<group>"; };
		5BEB32562EBFD7F400F75A10 /* Assets.xcassets */ = {isa = PBXFileReference; lastKnownFileType = folder.assetcatalog; path = Assets.xcassets; sourceTree = "<group>"; };
		5BEB325C2EBFD7F400F75A10 /* WSOMobileTests.xctest */ = {isa = PBXFileReference; explicitFileType = wrapper.cfbundle; includeInIndex = 0; path = WSOMobileTests.xctest; sourceTree = BUILT_PRODUCTS_DIR; };
		5BEB32662EBFD7F400F75A10 /* WSOMobileUITests.xctest */ = {isa = PBXFileReference; explicitFileType = wrapper.cfbundle; includeInIndex = 0; path = WSOMobileUITests.xctest; sourceTree = BUILT_PRODUCTS_DIR; };
		5BEB327D2EBFD83200F75A10 /* WSOMobileCLI */ = {isa = PBXFileReference; explicitFileType = "compiled.mach-o.executable"; includeInIndex = 0; path = WSOMobileCLI; sourceTree = BUILT_PRODUCTS_DIR; };
/* End PBXFileReference section */

/* Begin PBXFrameworksBuildPhase section */
		5BEB324C2EBFD7F300F75A10 /* Frameworks */ = {
			isa = PBXFrameworksBuildPhase;
			buildActionMask = 2147483647;
			files = (
				5B10FF982EC838E50021597F /* SwiftSoup in Frameworks */,
			);
			runOnlyForDeploymentPostprocessing = 0;
		};
		5BEB32592EBFD7F400F75A10 /* Frameworks */ = {
			isa = PBXFrameworksBuildPhase;
			buildActionMask = 2147483647;
			files = (
			);
			runOnlyForDeploymentPostprocessing = 0;
		};
		5BEB32632EBFD7F400F75A10 /* Frameworks */ = {
			isa = PBXFrameworksBuildPhase;
			buildActionMask = 2147483647;
			files = (
			);
			runOnlyForDeploymentPostprocessing = 0;
		};
		5BEB327A2EBFD83200F75A10 /* Frameworks */ = {
			isa = PBXFrameworksBuildPhase;
			buildActionMask = 2147483647;
			files = (
				5B71D5F82EC802790051ABF5 /* ArgumentParser in Frameworks */,
				5B10FF962EC838DE0021597F /* SwiftSoup in Frameworks */,
			);
			runOnlyForDeploymentPostprocessing = 0;
		};
/* End PBXFrameworksBuildPhase section */

/* Begin PBXGroup section */
		5B71D5F62EC802790051ABF5 /* Frameworks */ = {
			isa = PBXGroup;
			children = (
			);
			name = Frameworks;
			sourceTree = "<group>";
		};
		5BB76F962EC0ED7500A242A1 /* WSOMobileTests */ = {
			isa = PBXGroup;
			children = (
				5BB76F952EC0ED7500A242A1 /* WSOMobileTests.swift */,
			);
			path = WSOMobileTests;
			sourceTree = "<group>";
		};
		5BB76F992EC0ED7500A242A1 /* WSOMobileUITests */ = {
			isa = PBXGroup;
			children = (
				5BB76F972EC0ED7500A242A1 /* WSOMobileUITests.swift */,
				5BB76F982EC0ED7500A242A1 /* WSOMobileUITestsLaunchTests.swift */,
			);
			path = WSOMobileUITests;
			sourceTree = "<group>";
		};
		5BB76F9A2EC0ED7500A242A1 /* Tests */ = {
			isa = PBXGroup;
			children = (
				5BB76F962EC0ED7500A242A1 /* WSOMobileTests */,
				5BB76F992EC0ED7500A242A1 /* WSOMobileUITests */,
			);
			path = Tests;
			sourceTree = "<group>";
		};
		5BEB32462EBFD7F300F75A10 = {
			isa = PBXGroup;
			children = (
				5BEB32872EBFD9AB00F75A10 /* Shared */,
				5BEB32852EBFD8A600F75A10 /* CLI */,
				5BEB32842EBFD89700F75A10 /* App */,
				5B71D5F62EC802790051ABF5 /* Frameworks */,
				5BEB32502EBFD7F300F75A10 /* Products */,
			);
			sourceTree = "<group>";
		};
		5BEB32502EBFD7F300F75A10 /* Products */ = {
			isa = PBXGroup;
			children = (
				5BEB324F2EBFD7F300F75A10 /* WSOMobile.app */,
				5BEB325C2EBFD7F400F75A10 /* WSOMobileTests.xctest */,
				5BEB32662EBFD7F400F75A10 /* WSOMobileUITests.xctest */,
				5BEB327D2EBFD83200F75A10 /* WSOMobileCLI */,
			);
			name = Products;
			sourceTree = "<group>";
		};
		5BEB32842EBFD89700F75A10 /* App */ = {
			isa = PBXGroup;
			children = (
				5BEB328A2EBFDA0300F75A10 /* Assets */,
				5BEB32892EBFD9FB00F75A10 /* ViewModels */,
				5BEB32882EBFD9EF00F75A10 /* Views */,
				5BB76F9A2EC0ED7500A242A1 /* Tests */,
				5BB76F9B2EC0ED9900A242A1 /* WSOMobileApp.swift */,
			);
			path = App;
			sourceTree = "<group>";
		};
		5BEB32852EBFD8A600F75A10 /* CLI */ = {
			isa = PBXGroup;
			children = (
				5B7B6B032EC81BAC00CF7C4D /* WSOMobileCLI.swift */,
			);
			path = CLI;
			sourceTree = "<group>";
		};
		5BEB32872EBFD9AB00F75A10 /* Shared */ = {
			isa = PBXGroup;
			children = (
				5BEB328E2EBFDA4300F75A10 /* Utilities */,
				5BEB328D2EBFDA3F00F75A10 /* Services */,
				5BEB328C2EBFDA3900F75A10 /* Models */,
			);
			path = Shared;
			sourceTree = "<group>";
		};
		5BEB32882EBFD9EF00F75A10 /* Views */ = {
			isa = PBXGroup;
			children = (
				5B4B3EF22EC10C9000277399 /* HomeView.swift */,
				5BB76FA12EC0F64D00A242A1 /* ProfileView.swift */,
				5BB76F9F2EC0F1FB00A242A1 /* DiningView.swift */,
				5BB76F9D2EC0F1F300A242A1 /* NewsView.swift */,
				5BEB32542EBFD7F300F75A10 /* ContentView.swift */,
			);
			path = Views;
			sourceTree = "<group>";
		};
		5BEB32892EBFD9FB00F75A10 /* ViewModels */ = {
			isa = PBXGroup;
			children = (
				5B4B3EFC2EC1291700277399 /* ContentViewModel.swift */,
			);
			path = ViewModels;
			sourceTree = "<group>";
		};
		5BEB328A2EBFDA0300F75A10 /* Assets */ = {
			isa = PBXGroup;
			children = (
				5BEB32562EBFD7F400F75A10 /* Assets.xcassets */,
			);
			path = Assets;
			sourceTree = "<group>";
		};
		5BEB328C2EBFDA3900F75A10 /* Models */ = {
			isa = PBXGroup;
			children = (
				5B4B3EF92EC1261500277399 /* Settings.swift */,
			);
			path = Models;
			sourceTree = "<group>";
		};
		5BEB328D2EBFDA3F00F75A10 /* Services */ = {
			isa = PBXGroup;
			children = (
			);
			path = Services;
			sourceTree = "<group>";
		};
		5BEB328E2EBFDA4300F75A10 /* Utilities */ = {
			isa = PBXGroup;
			children = (
				5B10FF9C2EC83CA50021597F /* LibraryHours.swift */,
				5B10FF992EC83C820021597F /* DailyMessages.swift */,
			);
			path = Utilities;
			sourceTree = "<group>";
		};
/* End PBXGroup section */

/* Begin PBXNativeTarget section */
		5BEB324E2EBFD7F300F75A10 /* WSOMobile */ = {
			isa = PBXNativeTarget;
			buildConfigurationList = 5BEB32702EBFD7F400F75A10 /* Build configuration list for PBXNativeTarget "WSOMobile" */;
			buildPhases = (
				5BEB324B2EBFD7F300F75A10 /* Sources */,
				5BEB324C2EBFD7F300F75A10 /* Frameworks */,
				5BEB324D2EBFD7F300F75A10 /* Resources */,
			);
			buildRules = (
			);
			dependencies = (
			);
			name = WSOMobile;
			packageProductDependencies = (
				5B10FF972EC838E50021597F /* SwiftSoup */,
			);
			productName = "WSO Mobile";
			productReference = 5BEB324F2EBFD7F300F75A10 /* WSOMobile.app */;
			productType = "com.apple.product-type.application";
		};
		5BEB325B2EBFD7F400F75A10 /* WSOMobileTests */ = {
			isa = PBXNativeTarget;
			buildConfigurationList = 5BEB32732EBFD7F400F75A10 /* Build configuration list for PBXNativeTarget "WSOMobileTests" */;
			buildPhases = (
				5BEB32582EBFD7F400F75A10 /* Sources */,
				5BEB32592EBFD7F400F75A10 /* Frameworks */,
				5BEB325A2EBFD7F400F75A10 /* Resources */,
			);
			buildRules = (
			);
			dependencies = (
				5BEB325E2EBFD7F400F75A10 /* PBXTargetDependency */,
			);
			name = WSOMobileTests;
			packageProductDependencies = (
			);
			productName = "WSO MobileTests";
			productReference = 5BEB325C2EBFD7F400F75A10 /* WSOMobileTests.xctest */;
			productType = "com.apple.product-type.bundle.unit-test";
		};
		5BEB32652EBFD7F400F75A10 /* WSOMobileUITests */ = {
			isa = PBXNativeTarget;
			buildConfigurationList = 5BEB32762EBFD7F400F75A10 /* Build configuration list for PBXNativeTarget "WSOMobileUITests" */;
			buildPhases = (
				5BEB32622EBFD7F400F75A10 /* Sources */,
				5BEB32632EBFD7F400F75A10 /* Frameworks */,
				5BEB32642EBFD7F400F75A10 /* Resources */,
			);
			buildRules = (
			);
			dependencies = (
				5BEB32682EBFD7F400F75A10 /* PBXTargetDependency */,
			);
			name = WSOMobileUITests;
			packageProductDependencies = (
			);
			productName = "WSO MobileUITests";
			productReference = 5BEB32662EBFD7F400F75A10 /* WSOMobileUITests.xctest */;
			productType = "com.apple.product-type.bundle.ui-testing";
		};
		5BEB327C2EBFD83200F75A10 /* WSOMobileCLI */ = {
			isa = PBXNativeTarget;
			buildConfigurationList = 5BEB32812EBFD83200F75A10 /* Build configuration list for PBXNativeTarget "WSOMobileCLI" */;
			buildPhases = (
				5BEB32792EBFD83200F75A10 /* Sources */,
				5BEB327A2EBFD83200F75A10 /* Frameworks */,
				5BEB327B2EBFD83200F75A10 /* CopyFiles */,
			);
			buildRules = (
			);
			dependencies = (
			);
			name = WSOMobileCLI;
			packageProductDependencies = (
				5B71D5F72EC802790051ABF5 /* ArgumentParser */,
				5B10FF952EC838DE0021597F /* SwiftSoup */,
			);
			productName = "WSO Mobile Debug";
			productReference = 5BEB327D2EBFD83200F75A10 /* WSOMobileCLI */;
			productType = "com.apple.product-type.tool";
		};
/* End PBXNativeTarget section */

/* Begin PBXProject section */
		5BEB32472EBFD7F300F75A10 /* Project object */ = {
			isa = PBXProject;
			attributes = {
				BuildIndependentTargetsInParallel = 1;
				LastSwiftUpdateCheck = 2610;
				LastUpgradeCheck = 2610;
				TargetAttributes = {
					5BEB324E2EBFD7F300F75A10 = {
						CreatedOnToolsVersion = 26.1;
					};
					5BEB325B2EBFD7F400F75A10 = {
						CreatedOnToolsVersion = 26.1;
						TestTargetID = 5BEB324E2EBFD7F300F75A10;
					};
					5BEB32652EBFD7F400F75A10 = {
						CreatedOnToolsVersion = 26.1;
						TestTargetID = 5BEB324E2EBFD7F300F75A10;
					};
					5BEB327C2EBFD83200F75A10 = {
						CreatedOnToolsVersion = 26.1;
					};
				};
			};
			buildConfigurationList = 5BEB324A2EBFD7F300F75A10 /* Build configuration list for PBXProject "WSO Mobile" */;
			developmentRegion = en;
			hasScannedForEncodings = 0;
			knownRegions = (
				en,
				Base,
			);
			mainGroup = 5BEB32462EBFD7F300F75A10;
			minimizedProjectReferenceProxies = 1;
			packageReferences = (
				5B3B65962EC800DB0001B28A /* XCRemoteSwiftPackageReference "swift-argument-parser" */,
				5B10FF942EC838C10021597F /* XCRemoteSwiftPackageReference "SwiftSoup" */,
			);
			preferredProjectObjectVersion = 77;
			productRefGroup = 5BEB32502EBFD7F300F75A10 /* Products */;
			projectDirPath = "";
			projectRoot = "";
			targets = (
				5BEB324E2EBFD7F300F75A10 /* WSOMobile */,
				5BEB325B2EBFD7F400F75A10 /* WSOMobileTests */,
				5BEB32652EBFD7F400F75A10 /* WSOMobileUITests */,
				5BEB327C2EBFD83200F75A10 /* WSOMobileCLI */,
			);
		};
/* End PBXProject section */

/* Begin PBXResourcesBuildPhase section */
		5BEB324D2EBFD7F300F75A10 /* Resources */ = {
			isa = PBXResourcesBuildPhase;
			buildActionMask = 2147483647;
			files = (
				5BEB32572EBFD7F400F75A10 /* Assets.xcassets in Resources */,
			);
			runOnlyForDeploymentPostprocessing = 0;
		};
		5BEB325A2EBFD7F400F75A10 /* Resources */ = {
			isa = PBXResourcesBuildPhase;
			buildActionMask = 2147483647;
			files = (
			);
			runOnlyForDeploymentPostprocessing = 0;
		};
		5BEB32642EBFD7F400F75A10 /* Resources */ = {
			isa = PBXResourcesBuildPhase;
			buildActionMask = 2147483647;
			files = (
			);
			runOnlyForDeploymentPostprocessing = 0;
		};
/* End PBXResourcesBuildPhase section */

/* Begin PBXSourcesBuildPhase section */
		5BEB324B2EBFD7F300F75A10 /* Sources */ = {
			isa = PBXSourcesBuildPhase;
			buildActionMask = 2147483647;
			files = (
				5B4B3EFD2EC1291C00277399 /* ContentViewModel.swift in Sources */,
				5B10FF9D2EC83CA80021597F /* LibraryHours.swift in Sources */,
				5BB76F9E2EC0F1F800A242A1 /* NewsView.swift in Sources */,
				5BEB32552EBFD7F300F75A10 /* ContentView.swift in Sources */,
				5BB76FA22EC0F65600A242A1 /* ProfileView.swift in Sources */,
				5B4B3EF32EC10C9200277399 /* HomeView.swift in Sources */,
				5B4B3EFA2EC1271200277399 /* Settings.swift in Sources */,
				5B10FF9A2EC83C880021597F /* DailyMessages.swift in Sources */,
				5BB76F9C2EC0ED9900A242A1 /* WSOMobileApp.swift in Sources */,
				5BB76FA02EC0F20200A242A1 /* DiningView.swift in Sources */,
			);
			runOnlyForDeploymentPostprocessing = 0;
		};
		5BEB32582EBFD7F400F75A10 /* Sources */ = {
			isa = PBXSourcesBuildPhase;
			buildActionMask = 2147483647;
			files = (
			);
			runOnlyForDeploymentPostprocessing = 0;
		};
		5BEB32622EBFD7F400F75A10 /* Sources */ = {
			isa = PBXSourcesBuildPhase;
			buildActionMask = 2147483647;
			files = (
			);
			runOnlyForDeploymentPostprocessing = 0;
		};
		5BEB32792EBFD83200F75A10 /* Sources */ = {
			isa = PBXSourcesBuildPhase;
			buildActionMask = 2147483647;
			files = (
				5B4B3EFB2EC1271200277399 /* Settings.swift in Sources */,
				5B10FF9B2EC83C880021597F /* DailyMessages.swift in Sources */,
				5B7B6B042EC81BB400CF7C4D /* WSOMobileCLI.swift in Sources */,
				5B10FF9E2EC83CA80021597F /* LibraryHours.swift in Sources */,
			);
			runOnlyForDeploymentPostprocessing = 0;
		};
/* End PBXSourcesBuildPhase section */

/* Begin PBXTargetDependency section */
		5BEB325E2EBFD7F400F75A10 /* PBXTargetDependency */ = {
			isa = PBXTargetDependency;
			target = 5BEB324E2EBFD7F300F75A10 /* WSOMobile */;
			targetProxy = 5BEB325D2EBFD7F400F75A10 /* PBXContainerItemProxy */;
		};
		5BEB32682EBFD7F400F75A10 /* PBXTargetDependency */ = {
			isa = PBXTargetDependency;
			target = 5BEB324E2EBFD7F300F75A10 /* WSOMobile */;
			targetProxy = 5BEB32672EBFD7F400F75A10 /* PBXContainerItemProxy */;
		};
/* End PBXTargetDependency section */

/* Begin XCBuildConfiguration section */
		5BEB326E2EBFD7F400F75A10 /* Debug */ = {
			isa = XCBuildConfiguration;
			buildSettings = {
				ALWAYS_SEARCH_USER_PATHS = NO;
				ASSETCATALOG_COMPILER_GENERATE_SWIFT_ASSET_SYMBOL_EXTENSIONS = YES;
				CLANG_ANALYZER_NONNULL = YES;
				CLANG_ANALYZER_NUMBER_OBJECT_CONVERSION = YES_AGGRESSIVE;
				CLANG_CXX_LANGUAGE_STANDARD = "gnu++20";
				CLANG_ENABLE_MODULES = YES;
				CLANG_ENABLE_OBJC_ARC = YES;
				CLANG_ENABLE_OBJC_WEAK = YES;
				CLANG_WARN_BLOCK_CAPTURE_AUTORELEASING = YES;
				CLANG_WARN_BOOL_CONVERSION = YES;
				CLANG_WARN_COMMA = YES;
				CLANG_WARN_CONSTANT_CONVERSION = YES;
				CLANG_WARN_DEPRECATED_OBJC_IMPLEMENTATIONS = YES;
				CLANG_WARN_DIRECT_OBJC_ISA_USAGE = YES_ERROR;
				CLANG_WARN_DOCUMENTATION_COMMENTS = YES;
				CLANG_WARN_EMPTY_BODY = YES;
				CLANG_WARN_ENUM_CONVERSION = YES;
				CLANG_WARN_INFINITE_RECURSION = YES;
				CLANG_WARN_INT_CONVERSION = YES;
				CLANG_WARN_NON_LITERAL_NULL_CONVERSION = YES;
				CLANG_WARN_OBJC_IMPLICIT_RETAIN_SELF = YES;
				CLANG_WARN_OBJC_LITERAL_CONVERSION = YES;
				CLANG_WARN_OBJC_ROOT_CLASS = YES_ERROR;
				CLANG_WARN_QUOTED_INCLUDE_IN_FRAMEWORK_HEADER = YES;
				CLANG_WARN_RANGE_LOOP_ANALYSIS = YES;
				CLANG_WARN_STRICT_PROTOTYPES = YES;
				CLANG_WARN_SUSPICIOUS_MOVE = YES;
				CLANG_WARN_UNGUARDED_AVAILABILITY = YES_AGGRESSIVE;
				CLANG_WARN_UNREACHABLE_CODE = YES;
				CLANG_WARN__DUPLICATE_METHOD_MATCH = YES;
				COPY_PHASE_STRIP = NO;
				DEBUG_INFORMATION_FORMAT = dwarf;
				DEVELOPMENT_TEAM = 84SWF3NPCT;
				ENABLE_STRICT_OBJC_MSGSEND = YES;
				ENABLE_TESTABILITY = YES;
				ENABLE_USER_SCRIPT_SANDBOXING = YES;
				GCC_C_LANGUAGE_STANDARD = gnu17;
				GCC_DYNAMIC_NO_PIC = NO;
				GCC_NO_COMMON_BLOCKS = YES;
				GCC_OPTIMIZATION_LEVEL = 0;
				GCC_PREPROCESSOR_DEFINITIONS = (
					"DEBUG=1",
					"$(inherited)",
				);
				GCC_WARN_64_TO_32_BIT_CONVERSION = YES;
				GCC_WARN_ABOUT_RETURN_TYPE = YES_ERROR;
				GCC_WARN_UNDECLARED_SELECTOR = YES;
				GCC_WARN_UNINITIALIZED_AUTOS = YES_AGGRESSIVE;
				GCC_WARN_UNUSED_FUNCTION = YES;
				GCC_WARN_UNUSED_VARIABLE = YES;
				IPHONEOS_DEPLOYMENT_TARGET = 26.1;
				LOCALIZATION_PREFERS_STRING_CATALOGS = YES;
				MTL_ENABLE_DEBUG_INFO = INCLUDE_SOURCE;
				MTL_FAST_MATH = YES;
				ONLY_ACTIVE_ARCH = YES;
				SDKROOT = iphoneos;
				SWIFT_ACTIVE_COMPILATION_CONDITIONS = "DEBUG $(inherited)";
				SWIFT_OPTIMIZATION_LEVEL = "-Onone";
			};
			name = Debug;
		};
		5BEB326F2EBFD7F400F75A10 /* Release */ = {
			isa = XCBuildConfiguration;
			buildSettings = {
				ALWAYS_SEARCH_USER_PATHS = NO;
				ASSETCATALOG_COMPILER_GENERATE_SWIFT_ASSET_SYMBOL_EXTENSIONS = YES;
				CLANG_ANALYZER_NONNULL = YES;
				CLANG_ANALYZER_NUMBER_OBJECT_CONVERSION = YES_AGGRESSIVE;
				CLANG_CXX_LANGUAGE_STANDARD = "gnu++20";
				CLANG_ENABLE_MODULES = YES;
				CLANG_ENABLE_OBJC_ARC = YES;
				CLANG_ENABLE_OBJC_WEAK = YES;
				CLANG_WARN_BLOCK_CAPTURE_AUTORELEASING = YES;
				CLANG_WARN_BOOL_CONVERSION = YES;
				CLANG_WARN_COMMA = YES;
				CLANG_WARN_CONSTANT_CONVERSION = YES;
				CLANG_WARN_DEPRECATED_OBJC_IMPLEMENTATIONS = YES;
				CLANG_WARN_DIRECT_OBJC_ISA_USAGE = YES_ERROR;
				CLANG_WARN_DOCUMENTATION_COMMENTS = YES;
				CLANG_WARN_EMPTY_BODY = YES;
				CLANG_WARN_ENUM_CONVERSION = YES;
				CLANG_WARN_INFINITE_RECURSION = YES;
				CLANG_WARN_INT_CONVERSION = YES;
				CLANG_WARN_NON_LITERAL_NULL_CONVERSION = YES;
				CLANG_WARN_OBJC_IMPLICIT_RETAIN_SELF = YES;
				CLANG_WARN_OBJC_LITERAL_CONVERSION = YES;
				CLANG_WARN_OBJC_ROOT_CLASS = YES_ERROR;
				CLANG_WARN_QUOTED_INCLUDE_IN_FRAMEWORK_HEADER = YES;
				CLANG_WARN_RANGE_LOOP_ANALYSIS = YES;
				CLANG_WARN_STRICT_PROTOTYPES = YES;
				CLANG_WARN_SUSPICIOUS_MOVE = YES;
				CLANG_WARN_UNGUARDED_AVAILABILITY = YES_AGGRESSIVE;
				CLANG_WARN_UNREACHABLE_CODE = YES;
				CLANG_WARN__DUPLICATE_METHOD_MATCH = YES;
				COPY_PHASE_STRIP = NO;
				DEBUG_INFORMATION_FORMAT = "dwarf-with-dsym";
				DEVELOPMENT_TEAM = 84SWF3NPCT;
				ENABLE_NS_ASSERTIONS = NO;
				ENABLE_STRICT_OBJC_MSGSEND = YES;
				ENABLE_USER_SCRIPT_SANDBOXING = YES;
				GCC_C_LANGUAGE_STANDARD = gnu17;
				GCC_NO_COMMON_BLOCKS = YES;
				GCC_WARN_64_TO_32_BIT_CONVERSION = YES;
				GCC_WARN_ABOUT_RETURN_TYPE = YES_ERROR;
				GCC_WARN_UNDECLARED_SELECTOR = YES;
				GCC_WARN_UNINITIALIZED_AUTOS = YES_AGGRESSIVE;
				GCC_WARN_UNUSED_FUNCTION = YES;
				GCC_WARN_UNUSED_VARIABLE = YES;
				IPHONEOS_DEPLOYMENT_TARGET = 26.1;
				LOCALIZATION_PREFERS_STRING_CATALOGS = YES;
				MTL_ENABLE_DEBUG_INFO = NO;
				MTL_FAST_MATH = YES;
				SDKROOT = iphoneos;
				SWIFT_COMPILATION_MODE = wholemodule;
				VALIDATE_PRODUCT = YES;
			};
			name = Release;
		};
		5BEB32712EBFD7F400F75A10 /* Debug */ = {
			isa = XCBuildConfiguration;
			buildSettings = {
				ASSETCATALOG_COMPILER_APPICON_NAME = AppIcon;
				ASSETCATALOG_COMPILER_GLOBAL_ACCENT_COLOR_NAME = AccentColor;
				CODE_SIGN_STYLE = Automatic;
				CURRENT_PROJECT_VERSION = 1;
				DEVELOPMENT_TEAM = 84SWF3NPCT;
				ENABLE_PREVIEWS = YES;
				GENERATE_INFOPLIST_FILE = YES;
				INFOPLIST_KEY_CFBundleDisplayName = "WSO Mobile";
				INFOPLIST_KEY_LSApplicationCategoryType = "public.app-category.reference";
				INFOPLIST_KEY_UIApplicationSceneManifest_Generation = YES;
				INFOPLIST_KEY_UIApplicationSupportsIndirectInputEvents = YES;
				INFOPLIST_KEY_UILaunchScreen_Generation = YES;
				INFOPLIST_KEY_UISupportedInterfaceOrientations_iPad = "UIInterfaceOrientationPortrait UIInterfaceOrientationPortraitUpsideDown UIInterfaceOrientationLandscapeLeft UIInterfaceOrientationLandscapeRight";
				INFOPLIST_KEY_UISupportedInterfaceOrientations_iPhone = "UIInterfaceOrientationPortrait UIInterfaceOrientationLandscapeLeft UIInterfaceOrientationLandscapeRight";
				LD_RUNPATH_SEARCH_PATHS = (
					"$(inherited)",
					"@executable_path/Frameworks",
				);
				MARKETING_VERSION = 1.0;
				PRODUCT_BUNDLE_IDENTIFIER = "williams-students-online.WSO-Mobile";
				PRODUCT_NAME = "$(TARGET_NAME)";
				STRING_CATALOG_GENERATE_SYMBOLS = YES;
				SWIFT_APPROACHABLE_CONCURRENCY = YES;
				SWIFT_DEFAULT_ACTOR_ISOLATION = MainActor;
				SWIFT_EMIT_LOC_STRINGS = YES;
				SWIFT_UPCOMING_FEATURE_MEMBER_IMPORT_VISIBILITY = YES;
				SWIFT_VERSION = 5.0;
				TARGETED_DEVICE_FAMILY = "1,2";
			};
			name = Debug;
		};
		5BEB32722EBFD7F400F75A10 /* Release */ = {
			isa = XCBuildConfiguration;
			buildSettings = {
				ASSETCATALOG_COMPILER_APPICON_NAME = AppIcon;
				ASSETCATALOG_COMPILER_GLOBAL_ACCENT_COLOR_NAME = AccentColor;
				CODE_SIGN_STYLE = Automatic;
				CURRENT_PROJECT_VERSION = 1;
				DEVELOPMENT_TEAM = 84SWF3NPCT;
				ENABLE_PREVIEWS = YES;
				GENERATE_INFOPLIST_FILE = YES;
				INFOPLIST_KEY_CFBundleDisplayName = "WSO Mobile";
				INFOPLIST_KEY_LSApplicationCategoryType = "public.app-category.reference";
				INFOPLIST_KEY_UIApplicationSceneManifest_Generation = YES;
				INFOPLIST_KEY_UIApplicationSupportsIndirectInputEvents = YES;
				INFOPLIST_KEY_UILaunchScreen_Generation = YES;
				INFOPLIST_KEY_UISupportedInterfaceOrientations_iPad = "UIInterfaceOrientationPortrait UIInterfaceOrientationPortraitUpsideDown UIInterfaceOrientationLandscapeLeft UIInterfaceOrientationLandscapeRight";
				INFOPLIST_KEY_UISupportedInterfaceOrientations_iPhone = "UIInterfaceOrientationPortrait UIInterfaceOrientationLandscapeLeft UIInterfaceOrientationLandscapeRight";
				LD_RUNPATH_SEARCH_PATHS = (
					"$(inherited)",
					"@executable_path/Frameworks",
				);
				MARKETING_VERSION = 1.0;
				PRODUCT_BUNDLE_IDENTIFIER = "williams-students-online.WSO-Mobile";
				PRODUCT_NAME = "$(TARGET_NAME)";
				STRING_CATALOG_GENERATE_SYMBOLS = YES;
				SWIFT_APPROACHABLE_CONCURRENCY = YES;
				SWIFT_DEFAULT_ACTOR_ISOLATION = MainActor;
				SWIFT_EMIT_LOC_STRINGS = YES;
				SWIFT_UPCOMING_FEATURE_MEMBER_IMPORT_VISIBILITY = YES;
				SWIFT_VERSION = 5.0;
				TARGETED_DEVICE_FAMILY = "1,2";
			};
			name = Release;
		};
		5BEB32742EBFD7F400F75A10 /* Debug */ = {
			isa = XCBuildConfiguration;
			buildSettings = {
				BUNDLE_LOADER = "$(TEST_HOST)";
				CODE_SIGN_STYLE = Automatic;
				CURRENT_PROJECT_VERSION = 1;
				DEVELOPMENT_TEAM = 84SWF3NPCT;
				GENERATE_INFOPLIST_FILE = YES;
				IPHONEOS_DEPLOYMENT_TARGET = 26.1;
				MARKETING_VERSION = 1.0;
				PRODUCT_BUNDLE_IDENTIFIER = "williams-students-online.WSO-MobileTests";
				PRODUCT_NAME = "$(TARGET_NAME)";
				STRING_CATALOG_GENERATE_SYMBOLS = NO;
				SWIFT_APPROACHABLE_CONCURRENCY = YES;
				SWIFT_EMIT_LOC_STRINGS = NO;
				SWIFT_UPCOMING_FEATURE_MEMBER_IMPORT_VISIBILITY = YES;
				SWIFT_VERSION = 5.0;
				TARGETED_DEVICE_FAMILY = "1,2";
				TEST_HOST = "$(BUILT_PRODUCTS_DIR)/WSO Mobile.app/$(BUNDLE_EXECUTABLE_FOLDER_PATH)/WSO Mobile";
			};
			name = Debug;
		};
		5BEB32752EBFD7F400F75A10 /* Release */ = {
			isa = XCBuildConfiguration;
			buildSettings = {
				BUNDLE_LOADER = "$(TEST_HOST)";
				CODE_SIGN_STYLE = Automatic;
				CURRENT_PROJECT_VERSION = 1;
				DEVELOPMENT_TEAM = 84SWF3NPCT;
				GENERATE_INFOPLIST_FILE = YES;
				IPHONEOS_DEPLOYMENT_TARGET = 26.1;
				MARKETING_VERSION = 1.0;
				PRODUCT_BUNDLE_IDENTIFIER = "williams-students-online.WSO-MobileTests";
				PRODUCT_NAME = "$(TARGET_NAME)";
				STRING_CATALOG_GENERATE_SYMBOLS = NO;
				SWIFT_APPROACHABLE_CONCURRENCY = YES;
				SWIFT_EMIT_LOC_STRINGS = NO;
				SWIFT_UPCOMING_FEATURE_MEMBER_IMPORT_VISIBILITY = YES;
				SWIFT_VERSION = 5.0;
				TARGETED_DEVICE_FAMILY = "1,2";
				TEST_HOST = "$(BUILT_PRODUCTS_DIR)/WSO Mobile.app/$(BUNDLE_EXECUTABLE_FOLDER_PATH)/WSO Mobile";
			};
			name = Release;
		};
		5BEB32772EBFD7F400F75A10 /* Debug */ = {
			isa = XCBuildConfiguration;
			buildSettings = {
				CODE_SIGN_STYLE = Automatic;
				CURRENT_PROJECT_VERSION = 1;
				DEVELOPMENT_TEAM = 84SWF3NPCT;
				GENERATE_INFOPLIST_FILE = YES;
				MARKETING_VERSION = 1.0;
				PRODUCT_BUNDLE_IDENTIFIER = "williams-students-online.WSO-MobileUITests";
				PRODUCT_NAME = "$(TARGET_NAME)";
				STRING_CATALOG_GENERATE_SYMBOLS = NO;
				SWIFT_APPROACHABLE_CONCURRENCY = YES;
				SWIFT_EMIT_LOC_STRINGS = NO;
				SWIFT_UPCOMING_FEATURE_MEMBER_IMPORT_VISIBILITY = YES;
				SWIFT_VERSION = 5.0;
				TARGETED_DEVICE_FAMILY = "1,2";
				TEST_TARGET_NAME = "WSO Mobile";
			};
			name = Debug;
		};
		5BEB32782EBFD7F400F75A10 /* Release */ = {
			isa = XCBuildConfiguration;
			buildSettings = {
				CODE_SIGN_STYLE = Automatic;
				CURRENT_PROJECT_VERSION = 1;
				DEVELOPMENT_TEAM = 84SWF3NPCT;
				GENERATE_INFOPLIST_FILE = YES;
				MARKETING_VERSION = 1.0;
				PRODUCT_BUNDLE_IDENTIFIER = "williams-students-online.WSO-MobileUITests";
				PRODUCT_NAME = "$(TARGET_NAME)";
				STRING_CATALOG_GENERATE_SYMBOLS = NO;
				SWIFT_APPROACHABLE_CONCURRENCY = YES;
				SWIFT_EMIT_LOC_STRINGS = NO;
				SWIFT_UPCOMING_FEATURE_MEMBER_IMPORT_VISIBILITY = YES;
				SWIFT_VERSION = 5.0;
				TARGETED_DEVICE_FAMILY = "1,2";
				TEST_TARGET_NAME = "WSO Mobile";
			};
			name = Release;
		};
		5BEB32822EBFD83200F75A10 /* Debug */ = {
			isa = XCBuildConfiguration;
			buildSettings = {
				CODE_SIGN_STYLE = Automatic;
				DEVELOPMENT_TEAM = 84SWF3NPCT;
				ENABLE_HARDENED_RUNTIME = YES;
				MACOSX_DEPLOYMENT_TARGET = 10.15;
				PRODUCT_NAME = "$(TARGET_NAME)";
				SDKROOT = macosx;
				SWIFT_APPROACHABLE_CONCURRENCY = YES;
				SWIFT_UPCOMING_FEATURE_MEMBER_IMPORT_VISIBILITY = YES;
				SWIFT_VERSION = 5.0;
			};
			name = Debug;
		};
		5BEB32832EBFD83200F75A10 /* Release */ = {
			isa = XCBuildConfiguration;
			buildSettings = {
				CODE_SIGN_STYLE = Automatic;
				DEVELOPMENT_TEAM = 84SWF3NPCT;
				ENABLE_HARDENED_RUNTIME = YES;
				MACOSX_DEPLOYMENT_TARGET = 10.15;
				PRODUCT_NAME = "$(TARGET_NAME)";
				SDKROOT = macosx;
				SWIFT_APPROACHABLE_CONCURRENCY = YES;
				SWIFT_UPCOMING_FEATURE_MEMBER_IMPORT_VISIBILITY = YES;
				SWIFT_VERSION = 5.0;
			};
			name = Release;
		};
/* End XCBuildConfiguration section */

/* Begin XCConfigurationList section */
		5BEB324A2EBFD7F300F75A10 /* Build configuration list for PBXProject "WSO Mobile" */ = {
			isa = XCConfigurationList;
			buildConfigurations = (
				5BEB326E2EBFD7F400F75A10 /* Debug */,
				5BEB326F2EBFD7F400F75A10 /* Release */,
			);
			defaultConfigurationIsVisible = 0;
			defaultConfigurationName = Release;
		};
		5BEB32702EBFD7F400F75A10 /* Build configuration list for PBXNativeTarget "WSOMobile" */ = {
			isa = XCConfigurationList;
			buildConfigurations = (
				5BEB32712EBFD7F400F75A10 /* Debug */,
				5BEB32722EBFD7F400F75A10 /* Release */,
			);
			defaultConfigurationIsVisible = 0;
			defaultConfigurationName = Release;
		};
		5BEB32732EBFD7F400F75A10 /* Build configuration list for PBXNativeTarget "WSOMobileTests" */ = {
			isa = XCConfigurationList;
			buildConfigurations = (
				5BEB32742EBFD7F400F75A10 /* Debug */,
				5BEB32752EBFD7F400F75A10 /* Release */,
			);
			defaultConfigurationIsVisible = 0;
			defaultConfigurationName = Release;
		};
		5BEB32762EBFD7F400F75A10 /* Build configuration list for PBXNativeTarget "WSOMobileUITests" */ = {
			isa = XCConfigurationList;
			buildConfigurations = (
				5BEB32772EBFD7F400F75A10 /* Debug */,
				5BEB32782EBFD7F400F75A10 /* Release */,
			);
			defaultConfigurationIsVisible = 0;
			defaultConfigurationName = Release;
		};
		5BEB32812EBFD83200F75A10 /* Build configuration list for PBXNativeTarget "WSOMobileCLI" */ = {
			isa = XCConfigurationList;
			buildConfigurations = (
				5BEB32822EBFD83200F75A10 /* Debug */,
				5BEB32832EBFD83200F75A10 /* Release */,
			);
			defaultConfigurationIsVisible = 0;
			defaultConfigurationName = Release;
		};
/* End XCConfigurationList section */

/* Begin XCRemoteSwiftPackageReference section */
		5B10FF942EC838C10021597F /* XCRemoteSwiftPackageReference "SwiftSoup" */ = {
			isa = XCRemoteSwiftPackageReference;
			repositoryURL = "https://github.com/scinfu/SwiftSoup.git";
			requirement = {
				kind = upToNextMajorVersion;
				minimumVersion = 2.11.1;
			};
		};
		5B3B65962EC800DB0001B28A /* XCRemoteSwiftPackageReference "swift-argument-parser" */ = {
			isa = XCRemoteSwiftPackageReference;
			repositoryURL = "https://github.com/apple/swift-argument-parser.git";
			requirement = {
				kind = upToNextMajorVersion;
				minimumVersion = 1.6.2;
			};
		};
/* End XCRemoteSwiftPackageReference section */

/* Begin XCSwiftPackageProductDependency section */
		5B10FF952EC838DE0021597F /* SwiftSoup */ = {
			isa = XCSwiftPackageProductDependency;
			package = 5B10FF942EC838C10021597F /* XCRemoteSwiftPackageReference "SwiftSoup" */;
			productName = SwiftSoup;
		};
		5B10FF972EC838E50021597F /* SwiftSoup */ = {
			isa = XCSwiftPackageProductDependency;
			package = 5B10FF942EC838C10021597F /* XCRemoteSwiftPackageReference "SwiftSoup" */;
			productName = SwiftSoup;
		};
		5B71D5F72EC802790051ABF5 /* ArgumentParser */ = {
			isa = XCSwiftPackageProductDependency;
			package = 5B3B65962EC800DB0001B28A /* XCRemoteSwiftPackageReference "swift-argument-parser" */;
			productName = ArgumentParser;
		};
/* End XCSwiftPackageProductDependency section */
	};
	rootObject = 5BEB32472EBFD7F300F75A10 /* Project object */;
}
